
Microsoft Visual Studio Solution File, Format Version 12.00
# Visual Studio Version 17
VisualStudioVersion = 17.14.36221.1 d17.14
MinimumVisualStudioVersion = 10.0.40219.1
Project("{FAE04EC0-301F-11D3-BF4B-00C04F79EFBC}") = "TaskHub.Api", "TaskHub.Api\TaskHub.Api.csproj", "{61AF2AE4-9EC0-4E5C-8513-1EFCA85D2654}"
EndProject
Global
	GlobalSection(SolutionConfigurationPlatforms) = preSolution
		Debug|Any CPU = Debug|Any CPU
		Release|Any CPU = Release|Any CPU
	EndGlobalSection
	GlobalSection(ProjectConfigurationPlatforms) = postSolution
		{61AF2AE4-9EC0-4E5C-8513-1EFCA85D2654}.Debug|Any CPU.ActiveCfg = Debug|Any CPU
		{61AF2AE4-9EC0-4E5C-8513-1EFCA85D2654}.Debug|Any CPU.Build.0 = Debug|Any CPU
		{61AF2AE4-9EC0-4E5C-8513-1EFCA85D2654}.Release|Any CPU.ActiveCfg = Release|Any CPU
		{61AF2AE4-9EC0-4E5C-8513-1EFCA85D2654}.Release|Any CPU.Build.0 = Release|Any CPU
	EndGlobalSection
	GlobalSection(SolutionProperties) = preSolution
		HideSolutionNode = FALSE
	EndGlobalSection
	GlobalSection(ExtensibilityGlobals) = postSolution
		SolutionGuid = {21B27AC4-B66E-4E2D-8CD3-C9FA7AE8A172}
	EndGlobalSection
EndGlobal
